// !$*UTF8*$!
{
	archiveVersion = 1;
	classes = {
	};
	objectVersion = 46;
	objects = {

/* Begin PBXBuildFile section */
		843459A21E8D3DF1008ADCB9 /* AppDelegate.swift in Sources */ = {isa = PBXBuildFile; fileRef = 843459A11E8D3DF1008ADCB9 /* AppDelegate.swift */; };
		843459A41E8D3DF1008ADCB9 /* ViewController.swift in Sources */ = {isa = PBXBuildFile; fileRef = 843459A31E8D3DF1008ADCB9 /* ViewController.swift */; };
		843459A71E8D3DF1008ADCB9 /* Main.storyboard in Resources */ = {isa = PBXBuildFile; fileRef = 843459A51E8D3DF1008ADCB9 /* Main.storyboard */; };
		843459AA1E8D3DF1008ADCB9 /* ___.xcdatamodeld in Sources */ = {isa = PBXBuildFile; fileRef = 843459A81E8D3DF1008ADCB9 /* ___.xcdatamodeld */; };
		843459AC1E8D3DF1008ADCB9 /* Assets.xcassets in Resources */ = {isa = PBXBuildFile; fileRef = 843459AB1E8D3DF1008ADCB9 /* Assets.xcassets */; };
		843459AF1E8D3DF1008ADCB9 /* LaunchScreen.storyboard in Resources */ = {isa = PBXBuildFile; fileRef = 843459AD1E8D3DF1008ADCB9 /* LaunchScreen.storyboard */; };
		843459B91E8D5949008ADCB9 /* SubViewController.swift in Sources */ = {isa = PBXBuildFile; fileRef = 843459B81E8D5949008ADCB9 /* SubViewController.swift */; };
		843459BB1E8D5998008ADCB9 /* HomeTableViewController.swift in Sources */ = {isa = PBXBuildFile; fileRef = 843459BA1E8D5998008ADCB9 /* HomeTableViewController.swift */; };
/* End PBXBuildFile section */

/* Begin PBXFileReference section */
		8434599E1E8D3DF1008ADCB9 /* 萌萌星.app */ = {isa = PBXFileReference; explicitFileType = wrapper.application; includeInIndex = 0; path = "萌萌星.app"; sourceTree = BUILT_PRODUCTS_DIR; };
		843459A11E8D3DF1008ADCB9 /* AppDelegate.swift */ = {isa = PBXFileReference; lastKnownFileType = sourcecode.swift; path = AppDelegate.swift; sourceTree = "<group>"; };
		843459A31E8D3DF1008ADCB9 /* ViewController.swift */ = {isa = PBXFileReference; lastKnownFileType = sourcecode.swift; path = ViewController.swift; sourceTree = "<group>"; };
		843459A61E8D3DF1008ADCB9 /* Base */ = {isa = PBXFileReference; lastKnownFileType = file.storyboard; name = Base; path = Base.lproj/Main.storyboard; sourceTree = "<group>"; };
		843459A91E8D3DF1008ADCB9 /* ___.xcdatamodel */ = {isa = PBXFileReference; lastKnownFileType = wrapper.xcdatamodel; path = "___.xcdatamodel"; sourceTree = "<group>"; };
		843459AB1E8D3DF1008ADCB9 /* Assets.xcassets */ = {isa = PBXFileReference; lastKnownFileType = folder.assetcatalog; path = Assets.xcassets; sourceTree = "<group>"; };
		843459AE1E8D3DF1008ADCB9 /* Base */ = {isa = PBXFileReference; lastKnownFileType = file.storyboard; name = Base; path = Base.lproj/LaunchScreen.storyboard; sourceTree = "<group>"; };
		843459B01E8D3DF1008ADCB9 /* Info.plist */ = {isa = PBXFileReference; lastKnownFileType = text.plist.xml; path = Info.plist; sourceTree = "<group>"; };
		843459B81E8D5949008ADCB9 /* SubViewController.swift */ = {isa = PBXFileReference; fileEncoding = 4; lastKnownFileType = sourcecode.swift; path = SubViewController.swift; sourceTree = "<group>"; };
		843459BA1E8D5998008ADCB9 /* HomeTableViewController.swift */ = {isa = PBXFileReference; fileEncoding = 4; lastKnownFileType = sourcecode.swift; name = HomeTableViewController.swift; path = ../HomeTableViewController.swift; sourceTree = "<group>"; };
/* End PBXFileReference section */

/* Begin PBXFrameworksBuildPhase section */
		8434599B1E8D3DF1008ADCB9 /* Frameworks */ = {
			isa = PBXFrameworksBuildPhase;
			buildActionMask = 2147483647;
			files = (
			);
			runOnlyForDeploymentPostprocessing = 0;
		};
/* End PBXFrameworksBuildPhase section */

/* Begin PBXGroup section */
		843459951E8D3DF1008ADCB9 = {
			isa = PBXGroup;
			children = (
				843459A01E8D3DF1008ADCB9 /* 萌萌星 */,
				8434599F1E8D3DF1008ADCB9 /* Products */,
			);
			sourceTree = "<group>";
		};
		8434599F1E8D3DF1008ADCB9 /* Products */ = {
			isa = PBXGroup;
			children = (
				8434599E1E8D3DF1008ADCB9 /* 萌萌星.app */,
			);
			name = Products;
			sourceTree = "<group>";
		};
		843459A01E8D3DF1008ADCB9 /* 萌萌星 */ = {
			isa = PBXGroup;
			children = (
				843459BA1E8D5998008ADCB9 /* HomeTableViewController.swift */,
				843459A11E8D3DF1008ADCB9 /* AppDelegate.swift */,
				843459A31E8D3DF1008ADCB9 /* ViewController.swift */,
				843459A51E8D3DF1008ADCB9 /* Main.storyboard */,
				843459B81E8D5949008ADCB9 /* SubViewController.swift */,
				843459AB1E8D3DF1008ADCB9 /* Assets.xcassets */,
				843459AD1E8D3DF1008ADCB9 /* LaunchScreen.storyboard */,
				843459B01E8D3DF1008ADCB9 /* Info.plist */,
				843459A81E8D3DF1008ADCB9 /* ___.xcdatamodeld */,
			);
			path = "萌萌星";
			sourceTree = "<group>";
		};
/* End PBXGroup section */

/* Begin PBXNativeTarget section */
		8434599D1E8D3DF1008ADCB9 /* 萌萌星 */ = {
			isa = PBXNativeTarget;
			buildConfigurationList = 843459B31E8D3DF1008ADCB9 /* Build configuration list for PBXNativeTarget "萌萌星" */;
			buildPhases = (
				8434599A1E8D3DF1008ADCB9 /* Sources */,
				8434599B1E8D3DF1008ADCB9 /* Frameworks */,
				8434599C1E8D3DF1008ADCB9 /* Resources */,
			);
			buildRules = (
			);
			dependencies = (
			);
			name = "萌萌星";
			productName = "萌萌星";
			productReference = 8434599E1E8D3DF1008ADCB9 /* 萌萌星.app */;
			productType = "com.apple.product-type.application";
		};
/* End PBXNativeTarget section */

/* Begin PBXProject section */
		843459961E8D3DF1008ADCB9 /* Project object */ = {
			isa = PBXProject;
			attributes = {
				LastSwiftUpdateCheck = 0820;
				LastUpgradeCheck = 0820;
				ORGANIZATIONNAME = Admin;
				TargetAttributes = {
					8434599D1E8D3DF1008ADCB9 = {
						CreatedOnToolsVersion = 8.2.1;
						ProvisioningStyle = Automatic;
					};
				};
			};
			buildConfigurationList = 843459991E8D3DF1008ADCB9 /* Build configuration list for PBXProject "萌萌星" */;
			compatibilityVersion = "Xcode 3.2";
			developmentRegion = English;
			hasScannedForEncodings = 0;
			knownRegions = (
				en,
				Base,
			);
			mainGroup = 843459951E8D3DF1008ADCB9;
			productRefGroup = 8434599F1E8D3DF1008ADCB9 /* Products */;
			projectDirPath = "";
			projectRoot = "";
			targets = (
				8434599D1E8D3DF1008ADCB9 /* 萌萌星 */,
			);
		};
/* End PBXProject section */

/* Begin PBXResourcesBuildPhase section */
		8434599C1E8D3DF1008ADCB9 /* Resources */ = {
			isa = PBXResourcesBuildPhase;
			buildActionMask = 2147483647;
			files = (
				843459AF1E8D3DF1008ADCB9 /* LaunchScreen.storyboard in Resources */,
				843459AC1E8D3DF1008ADCB9 /* Assets.xcassets in Resources */,
				843459A71E8D3DF1008ADCB9 /* Main.storyboard in Resources */,
			);
			runOnlyForDeploymentPostprocessing = 0;
		};
/* End PBXResourcesBuildPhase section */

/* Begin PBXSourcesBuildPhase section */
		8434599A1E8D3DF1008ADCB9 /* Sources */ = {
			isa = PBXSourcesBuildPhase;
			buildActionMask = 2147483647;
			files = (
				843459A41E8D3DF1008ADCB9 /* ViewController.swift in Sources */,
				843459A21E8D3DF1008ADCB9 /* AppDelegate.swift in Sources */,
				843459B91E8D5949008ADCB9 /* SubViewController.swift in Sources */,
				843459AA1E8D3DF1008ADCB9 /* ___.xcdatamodeld in Sources */,
				843459BB1E8D5998008ADCB9 /* HomeTableViewController.swift in Sources */,
			);
			runOnlyForDeploymentPostprocessing = 0;
		};
/* End PBXSourcesBuildPhase section */

/* Begin PBXVariantGroup section */
		843459A51E8D3DF1008ADCB9 /* Main.storyboard */ = {
			isa = PBXVariantGroup;
			children = (
				843459A61E8D3DF1008ADCB9 /* Base */,
			);
			name = Main.storyboard;
			sourceTree = "<group>";
		};
		843459AD1E8D3DF1008ADCB9 /* LaunchScreen.storyboard */ = {
			isa = PBXVariantGroup;
			children = (
				843459AE1E8D3DF1008ADCB9 /* Base */,
			);
			name = LaunchScreen.storyboard;
			sourceTree = "<group>";
		};
/* End PBXVariantGroup section */

/* Begin XCBuildConfiguration section */
		843459B11E8D3DF1008ADCB9 /* Debug */ = {
			isa = XCBuildConfiguration;
			buildSettings = {
				ALWAYS_SEARCH_USER_PATHS = NO;
				CLANG_ANALYZER_NONNULL = YES;
				CLANG_CXX_LANGUAGE_STANDARD = "gnu++0x";
				CLANG_CXX_LIBRARY = "libc++";
				CLANG_ENABLE_MODULES = YES;
				CLANG_ENABLE_OBJC_ARC = YES;
				CLANG_WARN_BOOL_CONVERSION = YES;
				CLANG_WARN_CONSTANT_CONVERSION = YES;
				CLANG_WARN_DIRECT_OBJC_ISA_USAGE = YES_ERROR;
				CLANG_WARN_DOCUMENTATION_COMMENTS = YES;
				CLANG_WARN_EMPTY_BODY = YES;
				CLANG_WARN_ENUM_CONVERSION = YES;
				CLANG_WARN_INFINITE_RECURSION = YES;
				CLANG_WARN_INT_CONVERSION = YES;
				CLANG_WARN_OBJC_ROOT_CLASS = YES_ERROR;
				CLANG_WARN_SUSPICIOUS_MOVE = YES;
				CLANG_WARN_UNREACHABLE_CODE = YES;
				CLANG_WARN__DUPLICATE_METHOD_MATCH = YES;
				"CODE_SIGN_IDENTITY[sdk=iphoneos*]" = "iPhone Developer";
				COPY_PHASE_STRIP = NO;
				DEBUG_INFORMATION_FORMAT = dwarf;
				ENABLE_STRICT_OBJC_MSGSEND = YES;
				ENABLE_TESTABILITY = YES;
				GCC_C_LANGUAGE_STANDARD = gnu99;
				GCC_DYNAMIC_NO_PIC = NO;
				GCC_NO_COMMON_BLOCKS = YES;
				GCC_OPTIMIZATION_LEVEL = 0;
				GCC_PREPROCESSOR_DEFINITIONS = (
					"DEBUG=1",
					"$(inherited)",
				);
				GCC_WARN_64_TO_32_BIT_CONVERSION = YES;
				GCC_WARN_ABOUT_RETURN_TYPE = YES_ERROR;
				GCC_WARN_UNDECLARED_SELECTOR = YES;
				GCC_WARN_UNINITIALIZED_AUTOS = YES_AGGRESSIVE;
				GCC_WARN_UNUSED_FUNCTION = YES;
				GCC_WARN_UNUSED_VARIABLE = YES;
				IPHONEOS_DEPLOYMENT_TARGET = 10.2;
				MTL_ENABLE_DEBUG_INFO = YES;
				ONLY_ACTIVE_ARCH = YES;
				SDKROOT = iphoneos;
				SWIFT_ACTIVE_COMPILATION_CONDITIONS = DEBUG;
				SWIFT_OPTIMIZATION_LEVEL = "-Onone";
			};
			name = Debug;
		};
		843459B21E8D3DF1008ADCB9 /* Release */ = {
			isa = XCBuildConfiguration;
			buildSettings = {
				ALWAYS_SEARCH_USER_PATHS = NO;
				CLANG_ANALYZER_NONNULL = YES;
				CLANG_CXX_LANGUAGE_STANDARD = "gnu++0x";
				CLANG_CXX_LIBRARY = "libc++";
				CLANG_ENABLE_MODULES = YES;
				CLANG_ENABLE_OBJC_ARC = YES;
				CLANG_WARN_BOOL_CONVERSION = YES;
				CLANG_WARN_CONSTANT_CONVERSION = YES;
				CLANG_WARN_DIRECT_OBJC_ISA_USAGE = YES_ERROR;
				CLANG_WARN_DOCUMENTATION_COMMENTS = YES;
				CLANG_WARN_EMPTY_BODY = YES;
				CLANG_WARN_ENUM_CONVERSION = YES;
				CLANG_WARN_INFINITE_RECURSION = YES;
				CLANG_WARN_INT_CONVERSION = YES;
				CLANG_WARN_OBJC_ROOT_CLASS = YES_ERROR;
				CLANG_WARN_SUSPICIOUS_MOVE = YES;
				CLANG_WARN_UNREACHABLE_CODE = YES;
				CLANG_WARN__DUPLICATE_METHOD_MATCH = YES;
				"CODE_SIGN_IDENTITY[sdk=iphoneos*]" = "iPhone Developer";
				COPY_PHASE_STRIP = NO;
				DEBUG_INFORMATION_FORMAT = "dwarf-with-dsym";
				ENABLE_NS_ASSERTIONS = NO;
				ENABLE_STRICT_OBJC_MSGSEND = YES;
				GCC_C_LANGUAGE_STANDARD = gnu99;
				GCC_NO_COMMON_BLOCKS = YES;
				GCC_WARN_64_TO_32_BIT_CONVERSION = YES;
				GCC_WARN_ABOUT_RETURN_TYPE = YES_ERROR;
				GCC_WARN_UNDECLARED_SELECTOR = YES;
				GCC_WARN_UNINITIALIZED_AUTOS = YES_AGGRESSIVE;
				GCC_WARN_UNUSED_FUNCTION = YES;
				GCC_WARN_UNUSED_VARIABLE = YES;
				IPHONEOS_DEPLOYMENT_TARGET = 10.2;
				MTL_ENABLE_DEBUG_INFO = NO;
				SDKROOT = iphoneos;
				SWIFT_OPTIMIZATION_LEVEL = "-Owholemodule";
				VALIDATE_PRODUCT = YES;
			};
			name = Release;
		};
		843459B41E8D3DF1008ADCB9 /* Debug */ = {
			isa = XCBuildConfiguration;
			buildSettings = {
				ASSETCATALOG_COMPILER_APPICON_NAME = AppIcon;
				INFOPLIST_FILE = "萌萌星/Info.plist";
				LD_RUNPATH_SEARCH_PATHS = "$(inherited) @executable_path/Frameworks";
				PRODUCT_BUNDLE_IDENTIFIER = "com.paggieli.---";
				PRODUCT_NAME = "$(TARGET_NAME)";
				SWIFT_VERSION = 3.0;
			};
			name = Debug;
		};
		843459B51E8D3DF1008ADCB9 /* Release */ = {
			isa = XCBuildConfiguration;
			buildSettings = {
				ASSETCATALOG_COMPILER_APPICON_NAME = AppIcon;
				INFOPLIST_FILE = "萌萌星/Info.plist";
				LD_RUNPATH_SEARCH_PATHS = "$(inherited) @executable_path/Frameworks";
				PRODUCT_BUNDLE_IDENTIFIER = "com.paggieli.---";
				PRODUCT_NAME = "$(TARGET_NAME)";
				SWIFT_VERSION = 3.0;
			};
			name = Release;
		};
/* End XCBuildConfiguration section */

/* Begin XCConfigurationList section */
		843459991E8D3DF1008ADCB9 /* Build configuration list for PBXProject "萌萌星" */ = {
			isa = XCConfigurationList;
			buildConfigurations = (
				843459B11E8D3DF1008ADCB9 /* Debug */,
				843459B21E8D3DF1008ADCB9 /* Release */,
			);
			defaultConfigurationIsVisible = 0;
			defaultConfigurationName = Release;
		};
		843459B31E8D3DF1008ADCB9 /* Build configuration list for PBXNativeTarget "萌萌星" */ = {
			isa = XCConfigurationList;
			buildConfigurations = (
				843459B41E8D3DF1008ADCB9 /* Debug */,
				843459B51E8D3DF1008ADCB9 /* Release */,
			);
			defaultConfigurationIsVisible = 0;
		};
/* End XCConfigurationList section */

/* Begin XCVersionGroup section */
		843459A81E8D3DF1008ADCB9 /* ___.xcdatamodeld */ = {
			isa = XCVersionGroup;
			children = (
				843459A91E8D3DF1008ADCB9 /* ___.xcdatamodel */,
			);
			currentVersion = 843459A91E8D3DF1008ADCB9 /* ___.xcdatamodel */;
			path = "___.xcdatamodeld";
			sourceTree = "<group>";
			versionGroupType = wrapper.xcdatamodel;
		};
/* End XCVersionGroup section */
	};
	rootObject = 843459961E8D3DF1008ADCB9 /* Project object */;
}
